
Microsoft Visual Studio Solution File, Format Version 12.00
# Visual Studio 15
VisualStudioVersion = 15.0.26124.0
MinimumVisualStudioVersion = 15.0.26124.0
Project("{2150E333-8FDC-42A3-9474-1A3956D46DE8}") = "src", "src", "{44D62F3E-D8DD-470D-B74C-023274FE1283}"
EndProject
Project("{FAE04EC0-301F-11D3-BF4B-00C04F79EFBC}") = "CommandAPI", "src\CommandAPI\CommandAPI.csproj", "{1DC1BD3F-E76D-4544-A4F3-1368E7C4E4BB}"
EndProject
Project("{2150E333-8FDC-42A3-9474-1A3956D46DE8}") = "test", "test", "{0DD8C885-7B24-483D-924A-567112A105B2}"
EndProject
Project("{FAE04EC0-301F-11D3-BF4B-00C04F79EFBC}") = "CommandAPI.Tests", "test\CommandAPI.Tests\CommandAPI.Tests.csproj", "{CC2759D6-2E43-4344-8124-6CCBD5C48D26}"
EndProject
Global
	GlobalSection(SolutionConfigurationPlatforms) = preSolution
		Debug|Any CPU = Debug|Any CPU
		Debug|x64 = Debug|x64
		Debug|x86 = Debug|x86
		Release|Any CPU = Release|Any CPU
		Release|x64 = Release|x64
		Release|x86 = Release|x86
	EndGlobalSection
	GlobalSection(SolutionProperties) = preSolution
		HideSolutionNode = FALSE
	EndGlobalSection
	GlobalSection(ProjectConfigurationPlatforms) = postSolution
		{1DC1BD3F-E76D-4544-A4F3-1368E7C4E4BB}.Debug|Any CPU.ActiveCfg = Debug|Any CPU
		{1DC1BD3F-E76D-4544-A4F3-1368E7C4E4BB}.Debug|Any CPU.Build.0 = Debug|Any CPU
		{1DC1BD3F-E76D-4544-A4F3-1368E7C4E4BB}.Debug|x64.ActiveCfg = Debug|Any CPU
		{1DC1BD3F-E76D-4544-A4F3-1368E7C4E4BB}.Debug|x64.Build.0 = Debug|Any CPU
		{1DC1BD3F-E76D-4544-A4F3-1368E7C4E4BB}.Debug|x86.ActiveCfg = Debug|Any CPU
		{1DC1BD3F-E76D-4544-A4F3-1368E7C4E4BB}.Debug|x86.Build.0 = Debug|Any CPU
		{1DC1BD3F-E76D-4544-A4F3-1368E7C4E4BB}.Release|Any CPU.ActiveCfg = Release|Any CPU
		{1DC1BD3F-E76D-4544-A4F3-1368E7C4E4BB}.Release|Any CPU.Build.0 = Release|Any CPU
		{1DC1BD3F-E76D-4544-A4F3-1368E7C4E4BB}.Release|x64.ActiveCfg = Release|Any CPU
		{1DC1BD3F-E76D-4544-A4F3-1368E7C4E4BB}.Release|x64.Build.0 = Release|Any CPU
		{1DC1BD3F-E76D-4544-A4F3-1368E7C4E4BB}.Release|x86.ActiveCfg = Release|Any CPU
		{1DC1BD3F-E76D-4544-A4F3-1368E7C4E4BB}.Release|x86.Build.0 = Release|Any CPU
		{CC2759D6-2E43-4344-8124-6CCBD5C48D26}.Debug|Any CPU.ActiveCfg = Debug|Any CPU
		{CC2759D6-2E43-4344-8124-6CCBD5C48D26}.Debug|Any CPU.Build.0 = Debug|Any CPU
		{CC2759D6-2E43-4344-8124-6CCBD5C48D26}.Debug|x64.ActiveCfg = Debug|Any CPU
		{CC2759D6-2E43-4344-8124-6CCBD5C48D26}.Debug|x64.Build.0 = Debug|Any CPU
		{CC2759D6-2E43-4344-8124-6CCBD5C48D26}.Debug|x86.ActiveCfg = Debug|Any CPU
		{CC2759D6-2E43-4344-8124-6CCBD5C48D26}.Debug|x86.Build.0 = Debug|Any CPU
		{CC2759D6-2E43-4344-8124-6CCBD5C48D26}.Release|Any CPU.ActiveCfg = Release|Any CPU
		{CC2759D6-2E43-4344-8124-6CCBD5C48D26}.Release|Any CPU.Build.0 = Release|Any CPU
		{CC2759D6-2E43-4344-8124-6CCBD5C48D26}.Release|x64.ActiveCfg = Release|Any CPU
		{CC2759D6-2E43-4344-8124-6CCBD5C48D26}.Release|x64.Build.0 = Release|Any CPU
		{CC2759D6-2E43-4344-8124-6CCBD5C48D26}.Release|x86.ActiveCfg = Release|Any CPU
		{CC2759D6-2E43-4344-8124-6CCBD5C48D26}.Release|x86.Build.0 = Release|Any CPU
	EndGlobalSection
	GlobalSection(NestedProjects) = preSolution
		{1DC1BD3F-E76D-4544-A4F3-1368E7C4E4BB} = {44D62F3E-D8DD-470D-B74C-023274FE1283}
		{CC2759D6-2E43-4344-8124-6CCBD5C48D26} = {0DD8C885-7B24-483D-924A-567112A105B2}
	EndGlobalSection
EndGlobal
